
Microsoft Visual Studio Solution File, Format Version 12.00
# Visual Studio 14
VisualStudioVersion = 14.0.25420.1
MinimumVisualStudioVersion = 10.0.40219.1
Project("{FAE04EC0-301F-11D3-BF4B-00C04F79EFBC}") = "Sceelix.Designer", "Sceelix.Designer\Sceelix.Designer.csproj", "{F1686765-D326-4671-ACA1-DE384A2972C1}"
EndProject
Project("{FAE04EC0-301F-11D3-BF4B-00C04F79EFBC}") = "Sceelix.Designer.ProjectExplorer", "Sceelix.Designer.ProjectExplorer\Sceelix.Designer.ProjectExplorer.csproj", "{7FB98BC5-5A8F-41DA-9910-BB87F370DA66}"
EndProject
Project("{FAE04EC0-301F-11D3-BF4B-00C04F79EFBC}") = "Sceelix.Designer.Renderer3D", "Sceelix.Designer.Renderer3D\Sceelix.Designer.Renderer3D.csproj", "{984E654C-44DE-4A73-9FC6-914B4C968A21}"
EndProject
Project("{FAE04EC0-301F-11D3-BF4B-00C04F79EFBC}") = "Sceelix.Designer.Graphs", "Sceelix.Designer.Graphs\Sceelix.Designer.Graphs.csproj", "{24C93587-F297-4FED-978B-017E81FF2657}"
EndProject
Project("{FAE04EC0-301F-11D3-BF4B-00C04F79EFBC}") = "Sceelix.Core", "Sceelix.Core\Sceelix.Core.csproj", "{17D451D4-B445-4F61-ADFE-963F42D702B0}"
EndProject
Project("{2150E333-8FDC-42A3-9474-1A3956D46DE8}") = "Engine", "Engine", "{3D4F5D0E-7908-410D-BE1C-7054E067548B}"
EndProject
Project("{2150E333-8FDC-42A3-9474-1A3956D46DE8}") = "Visual Designer", "Visual Designer", "{B37633E9-4774-423E-91B6-73A8AF2487EA}"
EndProject
Project("{FAE04EC0-301F-11D3-BF4B-00C04F79EFBC}") = "Sceelix.Designer.DataExplorer", "Sceelix.Designer.DataExplorer\Sceelix.Designer.DataExplorer.csproj", "{1F5A9F96-65BF-47EB-96D1-A95382410F62}"
EndProject
Project("{FAE04EC0-301F-11D3-BF4B-00C04F79EFBC}") = "Sceelix.Surfaces", "Sceelix.Surfaces\Sceelix.Surfaces.csproj", "{7E086C85-0185-4271-B3D7-4FDBC44084A1}"
EndProject
Project("{FAE04EC0-301F-11D3-BF4B-00C04F79EFBC}") = "Sceelix.Designer.Surfaces", "Sceelix.Designer.Surfaces\Sceelix.Designer.Surfaces.csproj", "{E31344C0-D202-4314-86A6-D32F82F66BB0}"
EndProject
Project("{FAE04EC0-301F-11D3-BF4B-00C04F79EFBC}") = "Sceelix.Paths", "Sceelix.Paths\Sceelix.Paths.csproj", "{1C586989-D629-4EED-A934-B62446B4E7BA}"
EndProject
Project("{FAE04EC0-301F-11D3-BF4B-00C04F79EFBC}") = "Sceelix.Designer.Paths", "Sceelix.Designer.Paths\Sceelix.Designer.Paths.csproj", "{3272A21B-C686-4A69-AA96-18B4AE42CA60}"
EndProject
Project("{FAE04EC0-301F-11D3-BF4B-00C04F79EFBC}") = "Sceelix.Designer.Unity3D", "Sceelix.Designer.Unity3D\Sceelix.Designer.Unity3D.csproj", "{89CEDC64-F7EE-4AE3-9C59-9EA4F9C10CED}"
EndProject
Project("{FAE04EC0-301F-11D3-BF4B-00C04F79EFBC}") = "Sceelix", "Sceelix\Sceelix.csproj", "{9C62325D-2D13-45C8-ACA5-EC17DE0ED835}"
EndProject
Project("{2150E333-8FDC-42A3-9474-1A3956D46DE8}") = "Configurations", "Configurations", "{3E06A77D-BFE1-44A4-A72F-8F8CBBAF9B0E}"
	ProjectSection(SolutionItems) = preProject
		Common.targets = Common.targets
		DigitalRune.targets = DigitalRune.targets
		PostBuild.targets = PostBuild.targets
		VisualStudio.targets = VisualStudio.targets
	EndProjectSection
EndProject
Project("{FAE04EC0-301F-11D3-BF4B-00C04F79EFBC}") = "Sceelix.PostBuildProject", "Sceelix.PostBuildProject\Sceelix.PostBuildProject.csproj", "{FB1D9033-47B4-4E65-B31F-C45068089AD0}"
	ProjectSection(ProjectDependencies) = postProject
		{EC8DCA01-51C6-4057-B83F-233BCD3C287D} = {EC8DCA01-51C6-4057-B83F-233BCD3C287D}
		{3272A21B-C686-4A69-AA96-18B4AE42CA60} = {3272A21B-C686-4A69-AA96-18B4AE42CA60}
		{E0D59531-D67C-402F-83A8-7292B6F911A3} = {E0D59531-D67C-402F-83A8-7292B6F911A3}
		{76CF0233-8942-4A49-AF32-F7E0552E6EB7} = {76CF0233-8942-4A49-AF32-F7E0552E6EB7}
		{984E654C-44DE-4A73-9FC6-914B4C968A21} = {984E654C-44DE-4A73-9FC6-914B4C968A21}
		{9C62325D-2D13-45C8-ACA5-EC17DE0ED835} = {9C62325D-2D13-45C8-ACA5-EC17DE0ED835}
		{89CEDC64-F7EE-4AE3-9C59-9EA4F9C10CED} = {89CEDC64-F7EE-4AE3-9C59-9EA4F9C10CED}
		{F1686765-D326-4671-ACA1-DE384A2972C1} = {F1686765-D326-4671-ACA1-DE384A2972C1}
		{693A506A-559B-4DA6-B460-852ECBB8BD9A} = {693A506A-559B-4DA6-B460-852ECBB8BD9A}
		{B2454D82-44CC-4086-9689-FD7ECF85D26B} = {B2454D82-44CC-4086-9689-FD7ECF85D26B}
		{7E086C85-0185-4271-B3D7-4FDBC44084A1} = {7E086C85-0185-4271-B3D7-4FDBC44084A1}
		{24C93587-F297-4FED-978B-017E81FF2657} = {24C93587-F297-4FED-978B-017E81FF2657}
		{1C586989-D629-4EED-A934-B62446B4E7BA} = {1C586989-D629-4EED-A934-B62446B4E7BA}
		{AD47278B-A1B0-461A-B4F1-20CF96B61C7A} = {AD47278B-A1B0-461A-B4F1-20CF96B61C7A}
		{1F5A9F96-65BF-47EB-96D1-A95382410F62} = {1F5A9F96-65BF-47EB-96D1-A95382410F62}
		{BE90A6A7-A7EA-4BD2-A50D-6B04BCFFE0A6} = {BE90A6A7-A7EA-4BD2-A50D-6B04BCFFE0A6}
		{1743E1BB-F75D-4A98-B711-E7221CE242A5} = {1743E1BB-F75D-4A98-B711-E7221CE242A5}
		{E31344C0-D202-4314-86A6-D32F82F66BB0} = {E31344C0-D202-4314-86A6-D32F82F66BB0}
		{44DEAFC2-5B80-4CDD-AA5E-E808EF43D55F} = {44DEAFC2-5B80-4CDD-AA5E-E808EF43D55F}
		{7FB98BC5-5A8F-41DA-9910-BB87F370DA66} = {7FB98BC5-5A8F-41DA-9910-BB87F370DA66}
		{480627CA-076C-4188-88F4-658724825157} = {480627CA-076C-4188-88F4-658724825157}
		{17D451D4-B445-4F61-ADFE-963F42D702B0} = {17D451D4-B445-4F61-ADFE-963F42D702B0}
		{A2BDA9E7-C67B-4B7A-BBB9-94A477B6F229} = {A2BDA9E7-C67B-4B7A-BBB9-94A477B6F229}
	EndProjectSection
EndProject
Project("{2150E333-8FDC-42A3-9474-1A3956D46DE8}") = "Building", "Building", "{49BB6742-1825-4546-8087-AFFFCA9C6F42}"
EndProject
Project("{FAE04EC0-301F-11D3-BF4B-00C04F79EFBC}") = "Sceelix.Mathematics", "Sceelix.Mathematics\Sceelix.Mathematics.csproj", "{693A506A-559B-4DA6-B460-852ECBB8BD9A}"
EndProject
Project("{FAE04EC0-301F-11D3-BF4B-00C04F79EFBC}") = "Sceelix.Actors", "Sceelix.Actors\Sceelix.Actors.csproj", "{EC8DCA01-51C6-4057-B83F-233BCD3C287D}"
EndProject
Project("{FAE04EC0-301F-11D3-BF4B-00C04F79EFBC}") = "Sceelix.Meshes", "Sceelix.Meshes\Sceelix.Meshes.csproj", "{76CF0233-8942-4A49-AF32-F7E0552E6EB7}"
EndProject
Project("{FAE04EC0-301F-11D3-BF4B-00C04F79EFBC}") = "Sceelix.Designer.Meshes", "Sceelix.Designer.Meshes\Sceelix.Designer.Meshes.csproj", "{A2BDA9E7-C67B-4B7A-BBB9-94A477B6F229}"
EndProject
Project("{FAE04EC0-301F-11D3-BF4B-00C04F79EFBC}") = "Sceelix.Designer.Actors", "Sceelix.Designer.Actors\Sceelix.Designer.Actors.csproj", "{E0D59531-D67C-402F-83A8-7292B6F911A3}"
EndProject
Project("{FAE04EC0-301F-11D3-BF4B-00C04F79EFBC}") = "Sceelix.Points", "Sceelix.Points\Sceelix.Points.csproj", "{BE90A6A7-A7EA-4BD2-A50D-6B04BCFFE0A6}"
EndProject
Project("{FAE04EC0-301F-11D3-BF4B-00C04F79EFBC}") = "Sceelix.Designer.Points", "Sceelix.Designer.Points\Sceelix.Designer.Points.csproj", "{1743E1BB-F75D-4A98-B711-E7221CE242A5}"
EndProject
Project("{FAE04EC0-301F-11D3-BF4B-00C04F79EFBC}") = "Sceelix.Gis", "Sceelix.Gis\Sceelix.Gis.csproj", "{44DEAFC2-5B80-4CDD-AA5E-E808EF43D55F}"
EndProject
Project("{FAE04EC0-301F-11D3-BF4B-00C04F79EFBC}") = "Sceelix.Designer.Props", "Sceelix.Designer.Props\Sceelix.Designer.Props.csproj", "{AD47278B-A1B0-461A-B4F1-20CF96B61C7A}"
EndProject
Project("{FAE04EC0-301F-11D3-BF4B-00C04F79EFBC}") = "Sceelix.Props", "Sceelix.Props\Sceelix.Props.csproj", "{B2454D82-44CC-4086-9689-FD7ECF85D26B}"
EndProject
Project("{FAE04EC0-301F-11D3-BF4B-00C04F79EFBC}") = "Sceelix.Unity", "Sceelix.Unity\Sceelix.Unity.csproj", "{480627CA-076C-4188-88F4-658724825157}"
EndProject
Global
	GlobalSection(SolutionConfigurationPlatforms) = preSolution
		Debug|Linux = Debug|Linux
		Debug|MacOS = Debug|MacOS
		Debug|Windows32 = Debug|Windows32
		Debug|Windows64 = Debug|Windows64
		Release|Linux = Release|Linux
		Release|MacOS = Release|MacOS
		Release|Windows32 = Release|Windows32
		Release|Windows64 = Release|Windows64
	EndGlobalSection
	GlobalSection(ProjectConfigurationPlatforms) = postSolution
		{F1686765-D326-4671-ACA1-DE384A2972C1}.Debug|Linux.ActiveCfg = Debug|Linux
		{F1686765-D326-4671-ACA1-DE384A2972C1}.Debug|Linux.Build.0 = Debug|Linux
		{F1686765-D326-4671-ACA1-DE384A2972C1}.Debug|MacOS.ActiveCfg = Debug|MacOS
		{F1686765-D326-4671-ACA1-DE384A2972C1}.Debug|MacOS.Build.0 = Debug|MacOS
		{F1686765-D326-4671-ACA1-DE384A2972C1}.Debug|Windows32.ActiveCfg = Debug|Windows32
		{F1686765-D326-4671-ACA1-DE384A2972C1}.Debug|Windows32.Build.0 = Debug|Windows32
		{F1686765-D326-4671-ACA1-DE384A2972C1}.Debug|Windows64.ActiveCfg = Debug|Windows64
		{F1686765-D326-4671-ACA1-DE384A2972C1}.Debug|Windows64.Build.0 = Debug|Windows64
		{F1686765-D326-4671-ACA1-DE384A2972C1}.Release|Linux.ActiveCfg = Release|Linux
		{F1686765-D326-4671-ACA1-DE384A2972C1}.Release|Linux.Build.0 = Release|Linux
		{F1686765-D326-4671-ACA1-DE384A2972C1}.Release|MacOS.ActiveCfg = Release|MacOS
		{F1686765-D326-4671-ACA1-DE384A2972C1}.Release|MacOS.Build.0 = Release|MacOS
		{F1686765-D326-4671-ACA1-DE384A2972C1}.Release|Windows32.ActiveCfg = Release|Windows32
		{F1686765-D326-4671-ACA1-DE384A2972C1}.Release|Windows32.Build.0 = Release|Windows32
		{F1686765-D326-4671-ACA1-DE384A2972C1}.Release|Windows64.ActiveCfg = Release|Windows64
		{F1686765-D326-4671-ACA1-DE384A2972C1}.Release|Windows64.Build.0 = Release|Windows64
		{7FB98BC5-5A8F-41DA-9910-BB87F370DA66}.Debug|Linux.ActiveCfg = Debug|Linux
		{7FB98BC5-5A8F-41DA-9910-BB87F370DA66}.Debug|Linux.Build.0 = Debug|Linux
		{7FB98BC5-5A8F-41DA-9910-BB87F370DA66}.Debug|MacOS.ActiveCfg = Debug|MacOS
		{7FB98BC5-5A8F-41DA-9910-BB87F370DA66}.Debug|MacOS.Build.0 = Debug|MacOS
		{7FB98BC5-5A8F-41DA-9910-BB87F370DA66}.Debug|Windows32.ActiveCfg = Debug|Windows32
		{7FB98BC5-5A8F-41DA-9910-BB87F370DA66}.Debug|Windows32.Build.0 = Debug|Windows32
		{7FB98BC5-5A8F-41DA-9910-BB87F370DA66}.Debug|Windows64.ActiveCfg = Debug|Windows64
		{7FB98BC5-5A8F-41DA-9910-BB87F370DA66}.Debug|Windows64.Build.0 = Debug|Windows64
		{7FB98BC5-5A8F-41DA-9910-BB87F370DA66}.Release|Linux.ActiveCfg = Release|Linux
		{7FB98BC5-5A8F-41DA-9910-BB87F370DA66}.Release|Linux.Build.0 = Release|Linux
		{7FB98BC5-5A8F-41DA-9910-BB87F370DA66}.Release|MacOS.ActiveCfg = Release|MacOS
		{7FB98BC5-5A8F-41DA-9910-BB87F370DA66}.Release|MacOS.Build.0 = Release|MacOS
		{7FB98BC5-5A8F-41DA-9910-BB87F370DA66}.Release|Windows32.ActiveCfg = Release|Windows32
		{7FB98BC5-5A8F-41DA-9910-BB87F370DA66}.Release|Windows32.Build.0 = Release|Windows32
		{7FB98BC5-5A8F-41DA-9910-BB87F370DA66}.Release|Windows64.ActiveCfg = Release|Windows64
		{7FB98BC5-5A8F-41DA-9910-BB87F370DA66}.Release|Windows64.Build.0 = Release|Windows64
		{984E654C-44DE-4A73-9FC6-914B4C968A21}.Debug|Linux.ActiveCfg = Debug|Linux
		{984E654C-44DE-4A73-9FC6-914B4C968A21}.Debug|Linux.Build.0 = Debug|Linux
		{984E654C-44DE-4A73-9FC6-914B4C968A21}.Debug|MacOS.ActiveCfg = Debug|MacOS
		{984E654C-44DE-4A73-9FC6-914B4C968A21}.Debug|MacOS.Build.0 = Debug|MacOS
		{984E654C-44DE-4A73-9FC6-914B4C968A21}.Debug|Windows32.ActiveCfg = Debug|Windows32
		{984E654C-44DE-4A73-9FC6-914B4C968A21}.Debug|Windows32.Build.0 = Debug|Windows32
		{984E654C-44DE-4A73-9FC6-914B4C968A21}.Debug|Windows64.ActiveCfg = Debug|Windows64
		{984E654C-44DE-4A73-9FC6-914B4C968A21}.Debug|Windows64.Build.0 = Debug|Windows64
		{984E654C-44DE-4A73-9FC6-914B4C968A21}.Release|Linux.ActiveCfg = Release|Linux
		{984E654C-44DE-4A73-9FC6-914B4C968A21}.Release|Linux.Build.0 = Release|Linux
		{984E654C-44DE-4A73-9FC6-914B4C968A21}.Release|MacOS.ActiveCfg = Release|MacOS
		{984E654C-44DE-4A73-9FC6-914B4C968A21}.Release|MacOS.Build.0 = Release|MacOS
		{984E654C-44DE-4A73-9FC6-914B4C968A21}.Release|Windows32.ActiveCfg = Release|Windows32
		{984E654C-44DE-4A73-9FC6-914B4C968A21}.Release|Windows32.Build.0 = Release|Windows32
		{984E654C-44DE-4A73-9FC6-914B4C968A21}.Release|Windows64.ActiveCfg = Release|Windows64
		{984E654C-44DE-4A73-9FC6-914B4C968A21}.Release|Windows64.Build.0 = Release|Windows64
		{24C93587-F297-4FED-978B-017E81FF2657}.Debug|Linux.ActiveCfg = Debug|Linux
		{24C93587-F297-4FED-978B-017E81FF2657}.Debug|Linux.Build.0 = Debug|Linux
		{24C93587-F297-4FED-978B-017E81FF2657}.Debug|MacOS.ActiveCfg = Debug|MacOS
		{24C93587-F297-4FED-978B-017E81FF2657}.Debug|MacOS.Build.0 = Debug|MacOS
		{24C93587-F297-4FED-978B-017E81FF2657}.Debug|Windows32.ActiveCfg = Debug|Windows32
		{24C93587-F297-4FED-978B-017E81FF2657}.Debug|Windows32.Build.0 = Debug|Windows32
		{24C93587-F297-4FED-978B-017E81FF2657}.Debug|Windows64.ActiveCfg = Debug|Windows64
		{24C93587-F297-4FED-978B-017E81FF2657}.Debug|Windows64.Build.0 = Debug|Windows64
		{24C93587-F297-4FED-978B-017E81FF2657}.Release|Linux.ActiveCfg = Release|Linux
		{24C93587-F297-4FED-978B-017E81FF2657}.Release|Linux.Build.0 = Release|Linux
		{24C93587-F297-4FED-978B-017E81FF2657}.Release|MacOS.ActiveCfg = Release|MacOS
		{24C93587-F297-4FED-978B-017E81FF2657}.Release|MacOS.Build.0 = Release|MacOS
		{24C93587-F297-4FED-978B-017E81FF2657}.Release|Windows32.ActiveCfg = Release|Windows32
		{24C93587-F297-4FED-978B-017E81FF2657}.Release|Windows32.Build.0 = Release|Windows32
		{24C93587-F297-4FED-978B-017E81FF2657}.Release|Windows64.ActiveCfg = Release|Windows64
		{24C93587-F297-4FED-978B-017E81FF2657}.Release|Windows64.Build.0 = Release|Windows64
		{17D451D4-B445-4F61-ADFE-963F42D702B0}.Debug|Linux.ActiveCfg = Debug|Linux
		{17D451D4-B445-4F61-ADFE-963F42D702B0}.Debug|Linux.Build.0 = Debug|Linux
		{17D451D4-B445-4F61-ADFE-963F42D702B0}.Debug|MacOS.ActiveCfg = Debug|MacOS
		{17D451D4-B445-4F61-ADFE-963F42D702B0}.Debug|MacOS.Build.0 = Debug|MacOS
		{17D451D4-B445-4F61-ADFE-963F42D702B0}.Debug|Windows32.ActiveCfg = Debug|Windows32
		{17D451D4-B445-4F61-ADFE-963F42D702B0}.Debug|Windows32.Build.0 = Debug|Windows32
		{17D451D4-B445-4F61-ADFE-963F42D702B0}.Debug|Windows64.ActiveCfg = Debug|Windows64
		{17D451D4-B445-4F61-ADFE-963F42D702B0}.Debug|Windows64.Build.0 = Debug|Windows64
		{17D451D4-B445-4F61-ADFE-963F42D702B0}.Release|Linux.ActiveCfg = Release|Linux
		{17D451D4-B445-4F61-ADFE-963F42D702B0}.Release|Linux.Build.0 = Release|Linux
		{17D451D4-B445-4F61-ADFE-963F42D702B0}.Release|MacOS.ActiveCfg = Release|MacOS
		{17D451D4-B445-4F61-ADFE-963F42D702B0}.Release|MacOS.Build.0 = Release|MacOS
		{17D451D4-B445-4F61-ADFE-963F42D702B0}.Release|Windows32.ActiveCfg = Release|Windows32
		{17D451D4-B445-4F61-ADFE-963F42D702B0}.Release|Windows32.Build.0 = Release|Windows32
		{17D451D4-B445-4F61-ADFE-963F42D702B0}.Release|Windows64.ActiveCfg = Release|Windows64
		{17D451D4-B445-4F61-ADFE-963F42D702B0}.Release|Windows64.Build.0 = Release|Windows64
		{1F5A9F96-65BF-47EB-96D1-A95382410F62}.Debug|Linux.ActiveCfg = Debug|Linux
		{1F5A9F96-65BF-47EB-96D1-A95382410F62}.Debug|Linux.Build.0 = Debug|Linux
		{1F5A9F96-65BF-47EB-96D1-A95382410F62}.Debug|MacOS.ActiveCfg = Debug|MacOS
		{1F5A9F96-65BF-47EB-96D1-A95382410F62}.Debug|MacOS.Build.0 = Debug|MacOS
		{1F5A9F96-65BF-47EB-96D1-A95382410F62}.Debug|Windows32.ActiveCfg = Debug|Windows32
		{1F5A9F96-65BF-47EB-96D1-A95382410F62}.Debug|Windows32.Build.0 = Debug|Windows32
		{1F5A9F96-65BF-47EB-96D1-A95382410F62}.Debug|Windows64.ActiveCfg = Debug|Windows64
		{1F5A9F96-65BF-47EB-96D1-A95382410F62}.Debug|Windows64.Build.0 = Debug|Windows64
		{1F5A9F96-65BF-47EB-96D1-A95382410F62}.Release|Linux.ActiveCfg = Release|Linux
		{1F5A9F96-65BF-47EB-96D1-A95382410F62}.Release|Linux.Build.0 = Release|Linux
		{1F5A9F96-65BF-47EB-96D1-A95382410F62}.Release|MacOS.ActiveCfg = Release|MacOS
		{1F5A9F96-65BF-47EB-96D1-A95382410F62}.Release|MacOS.Build.0 = Release|MacOS
		{1F5A9F96-65BF-47EB-96D1-A95382410F62}.Release|Windows32.ActiveCfg = Release|Windows32
		{1F5A9F96-65BF-47EB-96D1-A95382410F62}.Release|Windows32.Build.0 = Release|Windows32
		{1F5A9F96-65BF-47EB-96D1-A95382410F62}.Release|Windows64.ActiveCfg = Release|Windows64
		{1F5A9F96-65BF-47EB-96D1-A95382410F62}.Release|Windows64.Build.0 = Release|Windows64
		{7E086C85-0185-4271-B3D7-4FDBC44084A1}.Debug|Linux.ActiveCfg = Debug|Linux
		{7E086C85-0185-4271-B3D7-4FDBC44084A1}.Debug|Linux.Build.0 = Debug|Linux
		{7E086C85-0185-4271-B3D7-4FDBC44084A1}.Debug|MacOS.ActiveCfg = Debug|MacOS
		{7E086C85-0185-4271-B3D7-4FDBC44084A1}.Debug|MacOS.Build.0 = Debug|MacOS
		{7E086C85-0185-4271-B3D7-4FDBC44084A1}.Debug|Windows32.ActiveCfg = Debug|Windows32
		{7E086C85-0185-4271-B3D7-4FDBC44084A1}.Debug|Windows32.Build.0 = Debug|Windows32
		{7E086C85-0185-4271-B3D7-4FDBC44084A1}.Debug|Windows64.ActiveCfg = Debug|Windows64
		{7E086C85-0185-4271-B3D7-4FDBC44084A1}.Debug|Windows64.Build.0 = Debug|Windows64
		{7E086C85-0185-4271-B3D7-4FDBC44084A1}.Release|Linux.ActiveCfg = Release|Linux
		{7E086C85-0185-4271-B3D7-4FDBC44084A1}.Release|Linux.Build.0 = Release|Linux
		{7E086C85-0185-4271-B3D7-4FDBC44084A1}.Release|MacOS.ActiveCfg = Release|MacOS
		{7E086C85-0185-4271-B3D7-4FDBC44084A1}.Release|MacOS.Build.0 = Release|MacOS
		{7E086C85-0185-4271-B3D7-4FDBC44084A1}.Release|Windows32.ActiveCfg = Release|Windows32
		{7E086C85-0185-4271-B3D7-4FDBC44084A1}.Release|Windows32.Build.0 = Release|Windows32
		{7E086C85-0185-4271-B3D7-4FDBC44084A1}.Release|Windows64.ActiveCfg = Release|Windows64
		{7E086C85-0185-4271-B3D7-4FDBC44084A1}.Release|Windows64.Build.0 = Release|Windows64
		{E31344C0-D202-4314-86A6-D32F82F66BB0}.Debug|Linux.ActiveCfg = Debug|Linux
		{E31344C0-D202-4314-86A6-D32F82F66BB0}.Debug|Linux.Build.0 = Debug|Linux
		{E31344C0-D202-4314-86A6-D32F82F66BB0}.Debug|MacOS.ActiveCfg = Debug|MacOS
		{E31344C0-D202-4314-86A6-D32F82F66BB0}.Debug|MacOS.Build.0 = Debug|MacOS
		{E31344C0-D202-4314-86A6-D32F82F66BB0}.Debug|Windows32.ActiveCfg = Debug|Windows32
		{E31344C0-D202-4314-86A6-D32F82F66BB0}.Debug|Windows32.Build.0 = Debug|Windows32
		{E31344C0-D202-4314-86A6-D32F82F66BB0}.Debug|Windows64.ActiveCfg = Debug|Windows64
		{E31344C0-D202-4314-86A6-D32F82F66BB0}.Debug|Windows64.Build.0 = Debug|Windows64
		{E31344C0-D202-4314-86A6-D32F82F66BB0}.Release|Linux.ActiveCfg = Release|Linux
		{E31344C0-D202-4314-86A6-D32F82F66BB0}.Release|Linux.Build.0 = Release|Linux
		{E31344C0-D202-4314-86A6-D32F82F66BB0}.Release|MacOS.ActiveCfg = Release|MacOS
		{E31344C0-D202-4314-86A6-D32F82F66BB0}.Release|MacOS.Build.0 = Release|MacOS
		{E31344C0-D202-4314-86A6-D32F82F66BB0}.Release|Windows32.ActiveCfg = Release|Windows32
		{E31344C0-D202-4314-86A6-D32F82F66BB0}.Release|Windows32.Build.0 = Release|Windows32
		{E31344C0-D202-4314-86A6-D32F82F66BB0}.Release|Windows64.ActiveCfg = Release|Windows64
		{E31344C0-D202-4314-86A6-D32F82F66BB0}.Release|Windows64.Build.0 = Release|Windows64
		{1C586989-D629-4EED-A934-B62446B4E7BA}.Debug|Linux.ActiveCfg = Debug|Linux
		{1C586989-D629-4EED-A934-B62446B4E7BA}.Debug|Linux.Build.0 = Debug|Linux
		{1C586989-D629-4EED-A934-B62446B4E7BA}.Debug|MacOS.ActiveCfg = Debug|MacOS
		{1C586989-D629-4EED-A934-B62446B4E7BA}.Debug|MacOS.Build.0 = Debug|MacOS
		{1C586989-D629-4EED-A934-B62446B4E7BA}.Debug|Windows32.ActiveCfg = Debug|Windows32
		{1C586989-D629-4EED-A934-B62446B4E7BA}.Debug|Windows32.Build.0 = Debug|Windows32
		{1C586989-D629-4EED-A934-B62446B4E7BA}.Debug|Windows64.ActiveCfg = Debug|Windows64
		{1C586989-D629-4EED-A934-B62446B4E7BA}.Debug|Windows64.Build.0 = Debug|Windows64
		{1C586989-D629-4EED-A934-B62446B4E7BA}.Release|Linux.ActiveCfg = Release|Linux
		{1C586989-D629-4EED-A934-B62446B4E7BA}.Release|Linux.Build.0 = Release|Linux
		{1C586989-D629-4EED-A934-B62446B4E7BA}.Release|MacOS.ActiveCfg = Release|MacOS
		{1C586989-D629-4EED-A934-B62446B4E7BA}.Release|MacOS.Build.0 = Release|MacOS
		{1C586989-D629-4EED-A934-B62446B4E7BA}.Release|Windows32.ActiveCfg = Release|Windows32
		{1C586989-D629-4EED-A934-B62446B4E7BA}.Release|Windows32.Build.0 = Release|Windows32
		{1C586989-D629-4EED-A934-B62446B4E7BA}.Release|Windows64.ActiveCfg = Release|Windows64
		{1C586989-D629-4EED-A934-B62446B4E7BA}.Release|Windows64.Build.0 = Release|Windows64
		{3272A21B-C686-4A69-AA96-18B4AE42CA60}.Debug|Linux.ActiveCfg = Debug|Linux
		{3272A21B-C686-4A69-AA96-18B4AE42CA60}.Debug|Linux.Build.0 = Debug|Linux
		{3272A21B-C686-4A69-AA96-18B4AE42CA60}.Debug|MacOS.ActiveCfg = Debug|MacOS
		{3272A21B-C686-4A69-AA96-18B4AE42CA60}.Debug|MacOS.Build.0 = Debug|MacOS
		{3272A21B-C686-4A69-AA96-18B4AE42CA60}.Debug|Windows32.ActiveCfg = Debug|Windows32
		{3272A21B-C686-4A69-AA96-18B4AE42CA60}.Debug|Windows32.Build.0 = Debug|Windows32
		{3272A21B-C686-4A69-AA96-18B4AE42CA60}.Debug|Windows64.ActiveCfg = Debug|Windows64
		{3272A21B-C686-4A69-AA96-18B4AE42CA60}.Debug|Windows64.Build.0 = Debug|Windows64
		{3272A21B-C686-4A69-AA96-18B4AE42CA60}.Release|Linux.ActiveCfg = Release|Linux
		{3272A21B-C686-4A69-AA96-18B4AE42CA60}.Release|Linux.Build.0 = Release|Linux
		{3272A21B-C686-4A69-AA96-18B4AE42CA60}.Release|MacOS.ActiveCfg = Release|MacOS
		{3272A21B-C686-4A69-AA96-18B4AE42CA60}.Release|MacOS.Build.0 = Release|MacOS
		{3272A21B-C686-4A69-AA96-18B4AE42CA60}.Release|Windows32.ActiveCfg = Release|Windows32
		{3272A21B-C686-4A69-AA96-18B4AE42CA60}.Release|Windows32.Build.0 = Release|Windows32
		{3272A21B-C686-4A69-AA96-18B4AE42CA60}.Release|Windows64.ActiveCfg = Release|Windows64
		{3272A21B-C686-4A69-AA96-18B4AE42CA60}.Release|Windows64.Build.0 = Release|Windows64
		{89CEDC64-F7EE-4AE3-9C59-9EA4F9C10CED}.Debug|Linux.ActiveCfg = Debug|Linux
		{89CEDC64-F7EE-4AE3-9C59-9EA4F9C10CED}.Debug|Linux.Build.0 = Debug|Linux
		{89CEDC64-F7EE-4AE3-9C59-9EA4F9C10CED}.Debug|MacOS.ActiveCfg = Debug|MacOS
		{89CEDC64-F7EE-4AE3-9C59-9EA4F9C10CED}.Debug|MacOS.Build.0 = Debug|MacOS
		{89CEDC64-F7EE-4AE3-9C59-9EA4F9C10CED}.Debug|Windows32.ActiveCfg = Debug|Windows32
		{89CEDC64-F7EE-4AE3-9C59-9EA4F9C10CED}.Debug|Windows32.Build.0 = Debug|Windows32
		{89CEDC64-F7EE-4AE3-9C59-9EA4F9C10CED}.Debug|Windows64.ActiveCfg = Debug|Windows64
		{89CEDC64-F7EE-4AE3-9C59-9EA4F9C10CED}.Debug|Windows64.Build.0 = Debug|Windows64
		{89CEDC64-F7EE-4AE3-9C59-9EA4F9C10CED}.Release|Linux.ActiveCfg = Release|Linux
		{89CEDC64-F7EE-4AE3-9C59-9EA4F9C10CED}.Release|Linux.Build.0 = Release|Linux
		{89CEDC64-F7EE-4AE3-9C59-9EA4F9C10CED}.Release|MacOS.ActiveCfg = Release|MacOS
		{89CEDC64-F7EE-4AE3-9C59-9EA4F9C10CED}.Release|MacOS.Build.0 = Release|MacOS
		{89CEDC64-F7EE-4AE3-9C59-9EA4F9C10CED}.Release|Windows32.ActiveCfg = Release|Windows32
		{89CEDC64-F7EE-4AE3-9C59-9EA4F9C10CED}.Release|Windows32.Build.0 = Release|Windows32
		{89CEDC64-F7EE-4AE3-9C59-9EA4F9C10CED}.Release|Windows64.ActiveCfg = Release|Windows64
		{89CEDC64-F7EE-4AE3-9C59-9EA4F9C10CED}.Release|Windows64.Build.0 = Release|Windows64
		{9C62325D-2D13-45C8-ACA5-EC17DE0ED835}.Debug|Linux.ActiveCfg = Debug|Linux
		{9C62325D-2D13-45C8-ACA5-EC17DE0ED835}.Debug|Linux.Build.0 = Debug|Linux
		{9C62325D-2D13-45C8-ACA5-EC17DE0ED835}.Debug|MacOS.ActiveCfg = Debug|MacOS
		{9C62325D-2D13-45C8-ACA5-EC17DE0ED835}.Debug|MacOS.Build.0 = Debug|MacOS
		{9C62325D-2D13-45C8-ACA5-EC17DE0ED835}.Debug|Windows32.ActiveCfg = Debug|Windows32
		{9C62325D-2D13-45C8-ACA5-EC17DE0ED835}.Debug|Windows32.Build.0 = Debug|Windows32
		{9C62325D-2D13-45C8-ACA5-EC17DE0ED835}.Debug|Windows64.ActiveCfg = Debug|Windows64
		{9C62325D-2D13-45C8-ACA5-EC17DE0ED835}.Debug|Windows64.Build.0 = Debug|Windows64
		{9C62325D-2D13-45C8-ACA5-EC17DE0ED835}.Release|Linux.ActiveCfg = Release|Linux
		{9C62325D-2D13-45C8-ACA5-EC17DE0ED835}.Release|Linux.Build.0 = Release|Linux
		{9C62325D-2D13-45C8-ACA5-EC17DE0ED835}.Release|MacOS.ActiveCfg = Release|MacOS
		{9C62325D-2D13-45C8-ACA5-EC17DE0ED835}.Release|MacOS.Build.0 = Release|MacOS
		{9C62325D-2D13-45C8-ACA5-EC17DE0ED835}.Release|Windows32.ActiveCfg = Release|Windows32
		{9C62325D-2D13-45C8-ACA5-EC17DE0ED835}.Release|Windows32.Build.0 = Release|Windows32
		{9C62325D-2D13-45C8-ACA5-EC17DE0ED835}.Release|Windows64.ActiveCfg = Release|Windows64
		{9C62325D-2D13-45C8-ACA5-EC17DE0ED835}.Release|Windows64.Build.0 = Release|Windows64
		{FB1D9033-47B4-4E65-B31F-C45068089AD0}.Debug|Linux.ActiveCfg = Debug|Linux
		{FB1D9033-47B4-4E65-B31F-C45068089AD0}.Debug|Linux.Build.0 = Debug|Linux
		{FB1D9033-47B4-4E65-B31F-C45068089AD0}.Debug|MacOS.ActiveCfg = Debug|MacOS
		{FB1D9033-47B4-4E65-B31F-C45068089AD0}.Debug|MacOS.Build.0 = Debug|MacOS
		{FB1D9033-47B4-4E65-B31F-C45068089AD0}.Debug|Windows32.ActiveCfg = Debug|Windows32
		{FB1D9033-47B4-4E65-B31F-C45068089AD0}.Debug|Windows32.Build.0 = Debug|Windows32
		{FB1D9033-47B4-4E65-B31F-C45068089AD0}.Debug|Windows64.ActiveCfg = Debug|Windows64
		{FB1D9033-47B4-4E65-B31F-C45068089AD0}.Debug|Windows64.Build.0 = Debug|Windows64
		{FB1D9033-47B4-4E65-B31F-C45068089AD0}.Release|Linux.ActiveCfg = Release|Linux
		{FB1D9033-47B4-4E65-B31F-C45068089AD0}.Release|Linux.Build.0 = Release|Linux
		{FB1D9033-47B4-4E65-B31F-C45068089AD0}.Release|MacOS.ActiveCfg = Release|MacOS
		{FB1D9033-47B4-4E65-B31F-C45068089AD0}.Release|MacOS.Build.0 = Release|MacOS
		{FB1D9033-47B4-4E65-B31F-C45068089AD0}.Release|Windows32.ActiveCfg = Release|Windows32
		{FB1D9033-47B4-4E65-B31F-C45068089AD0}.Release|Windows32.Build.0 = Release|Windows32
		{FB1D9033-47B4-4E65-B31F-C45068089AD0}.Release|Windows64.ActiveCfg = Release|Windows64
		{FB1D9033-47B4-4E65-B31F-C45068089AD0}.Release|Windows64.Build.0 = Release|Windows64
		{693A506A-559B-4DA6-B460-852ECBB8BD9A}.Debug|Linux.ActiveCfg = Debug|Linux
		{693A506A-559B-4DA6-B460-852ECBB8BD9A}.Debug|Linux.Build.0 = Debug|Linux
		{693A506A-559B-4DA6-B460-852ECBB8BD9A}.Debug|MacOS.ActiveCfg = Debug|MacOS
		{693A506A-559B-4DA6-B460-852ECBB8BD9A}.Debug|MacOS.Build.0 = Debug|MacOS
		{693A506A-559B-4DA6-B460-852ECBB8BD9A}.Debug|Windows32.ActiveCfg = Debug|Windows32
		{693A506A-559B-4DA6-B460-852ECBB8BD9A}.Debug|Windows32.Build.0 = Debug|Windows32
		{693A506A-559B-4DA6-B460-852ECBB8BD9A}.Debug|Windows64.ActiveCfg = Debug|Windows64
		{693A506A-559B-4DA6-B460-852ECBB8BD9A}.Debug|Windows64.Build.0 = Debug|Windows64
		{693A506A-559B-4DA6-B460-852ECBB8BD9A}.Release|Linux.ActiveCfg = Release|Linux
		{693A506A-559B-4DA6-B460-852ECBB8BD9A}.Release|Linux.Build.0 = Release|Linux
		{693A506A-559B-4DA6-B460-852ECBB8BD9A}.Release|MacOS.ActiveCfg = Release|MacOS
		{693A506A-559B-4DA6-B460-852ECBB8BD9A}.Release|MacOS.Build.0 = Release|MacOS
		{693A506A-559B-4DA6-B460-852ECBB8BD9A}.Release|Windows32.ActiveCfg = Release|Windows32
		{693A506A-559B-4DA6-B460-852ECBB8BD9A}.Release|Windows32.Build.0 = Release|Windows32
		{693A506A-559B-4DA6-B460-852ECBB8BD9A}.Release|Windows64.ActiveCfg = Release|Windows64
		{693A506A-559B-4DA6-B460-852ECBB8BD9A}.Release|Windows64.Build.0 = Release|Windows64
		{EC8DCA01-51C6-4057-B83F-233BCD3C287D}.Debug|Linux.ActiveCfg = Debug|Linux
		{EC8DCA01-51C6-4057-B83F-233BCD3C287D}.Debug|Linux.Build.0 = Debug|Linux
		{EC8DCA01-51C6-4057-B83F-233BCD3C287D}.Debug|MacOS.ActiveCfg = Debug|MacOS
		{EC8DCA01-51C6-4057-B83F-233BCD3C287D}.Debug|MacOS.Build.0 = Debug|MacOS
		{EC8DCA01-51C6-4057-B83F-233BCD3C287D}.Debug|Windows32.ActiveCfg = Debug|Windows32
		{EC8DCA01-51C6-4057-B83F-233BCD3C287D}.Debug|Windows32.Build.0 = Debug|Windows32
		{EC8DCA01-51C6-4057-B83F-233BCD3C287D}.Debug|Windows64.ActiveCfg = Debug|Windows64
		{EC8DCA01-51C6-4057-B83F-233BCD3C287D}.Debug|Windows64.Build.0 = Debug|Windows64
		{EC8DCA01-51C6-4057-B83F-233BCD3C287D}.Release|Linux.ActiveCfg = Release|Linux
		{EC8DCA01-51C6-4057-B83F-233BCD3C287D}.Release|Linux.Build.0 = Release|Linux
		{EC8DCA01-51C6-4057-B83F-233BCD3C287D}.Release|MacOS.ActiveCfg = Release|MacOS
		{EC8DCA01-51C6-4057-B83F-233BCD3C287D}.Release|MacOS.Build.0 = Release|MacOS
		{EC8DCA01-51C6-4057-B83F-233BCD3C287D}.Release|Windows32.ActiveCfg = Release|Windows32
		{EC8DCA01-51C6-4057-B83F-233BCD3C287D}.Release|Windows32.Build.0 = Release|Windows32
		{EC8DCA01-51C6-4057-B83F-233BCD3C287D}.Release|Windows64.ActiveCfg = Release|Windows64
		{EC8DCA01-51C6-4057-B83F-233BCD3C287D}.Release|Windows64.Build.0 = Release|Windows64
		{76CF0233-8942-4A49-AF32-F7E0552E6EB7}.Debug|Linux.ActiveCfg = Debug|Linux
		{76CF0233-8942-4A49-AF32-F7E0552E6EB7}.Debug|Linux.Build.0 = Debug|Linux
		{76CF0233-8942-4A49-AF32-F7E0552E6EB7}.Debug|MacOS.ActiveCfg = Debug|MacOS
		{76CF0233-8942-4A49-AF32-F7E0552E6EB7}.Debug|MacOS.Build.0 = Debug|MacOS
		{76CF0233-8942-4A49-AF32-F7E0552E6EB7}.Debug|Windows32.ActiveCfg = Debug|Windows32
		{76CF0233-8942-4A49-AF32-F7E0552E6EB7}.Debug|Windows32.Build.0 = Debug|Windows32
		{76CF0233-8942-4A49-AF32-F7E0552E6EB7}.Debug|Windows64.ActiveCfg = Debug|Windows64
		{76CF0233-8942-4A49-AF32-F7E0552E6EB7}.Debug|Windows64.Build.0 = Debug|Windows64
		{76CF0233-8942-4A49-AF32-F7E0552E6EB7}.Release|Linux.ActiveCfg = Release|Linux
		{76CF0233-8942-4A49-AF32-F7E0552E6EB7}.Release|Linux.Build.0 = Release|Linux
		{76CF0233-8942-4A49-AF32-F7E0552E6EB7}.Release|MacOS.ActiveCfg = Release|MacOS
		{76CF0233-8942-4A49-AF32-F7E0552E6EB7}.Release|MacOS.Build.0 = Release|MacOS
		{76CF0233-8942-4A49-AF32-F7E0552E6EB7}.Release|Windows32.ActiveCfg = Release|Windows32
		{76CF0233-8942-4A49-AF32-F7E0552E6EB7}.Release|Windows32.Build.0 = Release|Windows32
		{76CF0233-8942-4A49-AF32-F7E0552E6EB7}.Release|Windows64.ActiveCfg = Release|Windows64
		{76CF0233-8942-4A49-AF32-F7E0552E6EB7}.Release|Windows64.Build.0 = Release|Windows64
		{A2BDA9E7-C67B-4B7A-BBB9-94A477B6F229}.Debug|Linux.ActiveCfg = Debug|Linux
		{A2BDA9E7-C67B-4B7A-BBB9-94A477B6F229}.Debug|Linux.Build.0 = Debug|Linux
		{A2BDA9E7-C67B-4B7A-BBB9-94A477B6F229}.Debug|MacOS.ActiveCfg = Debug|MacOS
		{A2BDA9E7-C67B-4B7A-BBB9-94A477B6F229}.Debug|MacOS.Build.0 = Debug|MacOS
		{A2BDA9E7-C67B-4B7A-BBB9-94A477B6F229}.Debug|Windows32.ActiveCfg = Debug|Windows32
		{A2BDA9E7-C67B-4B7A-BBB9-94A477B6F229}.Debug|Windows32.Build.0 = Debug|Windows32
		{A2BDA9E7-C67B-4B7A-BBB9-94A477B6F229}.Debug|Windows64.ActiveCfg = Debug|Windows64
		{A2BDA9E7-C67B-4B7A-BBB9-94A477B6F229}.Debug|Windows64.Build.0 = Debug|Windows64
		{A2BDA9E7-C67B-4B7A-BBB9-94A477B6F229}.Release|Linux.ActiveCfg = Release|Linux
		{A2BDA9E7-C67B-4B7A-BBB9-94A477B6F229}.Release|Linux.Build.0 = Release|Linux
		{A2BDA9E7-C67B-4B7A-BBB9-94A477B6F229}.Release|MacOS.ActiveCfg = Release|MacOS
		{A2BDA9E7-C67B-4B7A-BBB9-94A477B6F229}.Release|MacOS.Build.0 = Release|MacOS
		{A2BDA9E7-C67B-4B7A-BBB9-94A477B6F229}.Release|Windows32.ActiveCfg = Release|Windows32
		{A2BDA9E7-C67B-4B7A-BBB9-94A477B6F229}.Release|Windows32.Build.0 = Release|Windows32
		{A2BDA9E7-C67B-4B7A-BBB9-94A477B6F229}.Release|Windows64.ActiveCfg = Release|Windows64
		{A2BDA9E7-C67B-4B7A-BBB9-94A477B6F229}.Release|Windows64.Build.0 = Release|Windows64
		{E0D59531-D67C-402F-83A8-7292B6F911A3}.Debug|Linux.ActiveCfg = Debug|Linux
		{E0D59531-D67C-402F-83A8-7292B6F911A3}.Debug|Linux.Build.0 = Debug|Linux
		{E0D59531-D67C-402F-83A8-7292B6F911A3}.Debug|MacOS.ActiveCfg = Debug|MacOS
		{E0D59531-D67C-402F-83A8-7292B6F911A3}.Debug|MacOS.Build.0 = Debug|MacOS
		{E0D59531-D67C-402F-83A8-7292B6F911A3}.Debug|Windows32.ActiveCfg = Debug|Windows32
		{E0D59531-D67C-402F-83A8-7292B6F911A3}.Debug|Windows32.Build.0 = Debug|Windows32
		{E0D59531-D67C-402F-83A8-7292B6F911A3}.Debug|Windows64.ActiveCfg = Debug|Windows64
		{E0D59531-D67C-402F-83A8-7292B6F911A3}.Debug|Windows64.Build.0 = Debug|Windows64
		{E0D59531-D67C-402F-83A8-7292B6F911A3}.Release|Linux.ActiveCfg = Release|Linux
		{E0D59531-D67C-402F-83A8-7292B6F911A3}.Release|Linux.Build.0 = Release|Linux
		{E0D59531-D67C-402F-83A8-7292B6F911A3}.Release|MacOS.ActiveCfg = Release|MacOS
		{E0D59531-D67C-402F-83A8-7292B6F911A3}.Release|MacOS.Build.0 = Release|MacOS
		{E0D59531-D67C-402F-83A8-7292B6F911A3}.Release|Windows32.ActiveCfg = Release|Windows32
		{E0D59531-D67C-402F-83A8-7292B6F911A3}.Release|Windows32.Build.0 = Release|Windows32
		{E0D59531-D67C-402F-83A8-7292B6F911A3}.Release|Windows64.ActiveCfg = Release|Windows64
		{E0D59531-D67C-402F-83A8-7292B6F911A3}.Release|Windows64.Build.0 = Release|Windows64
		{BE90A6A7-A7EA-4BD2-A50D-6B04BCFFE0A6}.Debug|Linux.ActiveCfg = Debug|Linux
		{BE90A6A7-A7EA-4BD2-A50D-6B04BCFFE0A6}.Debug|Linux.Build.0 = Debug|Linux
		{BE90A6A7-A7EA-4BD2-A50D-6B04BCFFE0A6}.Debug|MacOS.ActiveCfg = Debug|MacOS
		{BE90A6A7-A7EA-4BD2-A50D-6B04BCFFE0A6}.Debug|MacOS.Build.0 = Debug|MacOS
		{BE90A6A7-A7EA-4BD2-A50D-6B04BCFFE0A6}.Debug|Windows32.ActiveCfg = Debug|Windows32
		{BE90A6A7-A7EA-4BD2-A50D-6B04BCFFE0A6}.Debug|Windows32.Build.0 = Debug|Windows32
		{BE90A6A7-A7EA-4BD2-A50D-6B04BCFFE0A6}.Debug|Windows64.ActiveCfg = Debug|Windows64
		{BE90A6A7-A7EA-4BD2-A50D-6B04BCFFE0A6}.Debug|Windows64.Build.0 = Debug|Windows64
		{BE90A6A7-A7EA-4BD2-A50D-6B04BCFFE0A6}.Release|Linux.ActiveCfg = Release|Linux
		{BE90A6A7-A7EA-4BD2-A50D-6B04BCFFE0A6}.Release|Linux.Build.0 = Release|Linux
		{BE90A6A7-A7EA-4BD2-A50D-6B04BCFFE0A6}.Release|MacOS.ActiveCfg = Release|MacOS
		{BE90A6A7-A7EA-4BD2-A50D-6B04BCFFE0A6}.Release|MacOS.Build.0 = Release|MacOS
		{BE90A6A7-A7EA-4BD2-A50D-6B04BCFFE0A6}.Release|Windows32.ActiveCfg = Release|Windows32
		{BE90A6A7-A7EA-4BD2-A50D-6B04BCFFE0A6}.Release|Windows32.Build.0 = Release|Windows32
		{BE90A6A7-A7EA-4BD2-A50D-6B04BCFFE0A6}.Release|Windows64.ActiveCfg = Release|Windows64
		{BE90A6A7-A7EA-4BD2-A50D-6B04BCFFE0A6}.Release|Windows64.Build.0 = Release|Windows64
		{1743E1BB-F75D-4A98-B711-E7221CE242A5}.Debug|Linux.ActiveCfg = Debug|Linux
		{1743E1BB-F75D-4A98-B711-E7221CE242A5}.Debug|Linux.Build.0 = Debug|Linux
		{1743E1BB-F75D-4A98-B711-E7221CE242A5}.Debug|MacOS.ActiveCfg = Debug|MacOS
		{1743E1BB-F75D-4A98-B711-E7221CE242A5}.Debug|MacOS.Build.0 = Debug|MacOS
		{1743E1BB-F75D-4A98-B711-E7221CE242A5}.Debug|Windows32.ActiveCfg = Debug|Windows32
		{1743E1BB-F75D-4A98-B711-E7221CE242A5}.Debug|Windows32.Build.0 = Debug|Windows32
		{1743E1BB-F75D-4A98-B711-E7221CE242A5}.Debug|Windows64.ActiveCfg = Debug|Windows64
		{1743E1BB-F75D-4A98-B711-E7221CE242A5}.Debug|Windows64.Build.0 = Debug|Windows64
		{1743E1BB-F75D-4A98-B711-E7221CE242A5}.Release|Linux.ActiveCfg = Release|Linux
		{1743E1BB-F75D-4A98-B711-E7221CE242A5}.Release|Linux.Build.0 = Release|Linux
		{1743E1BB-F75D-4A98-B711-E7221CE242A5}.Release|MacOS.ActiveCfg = Release|MacOS
		{1743E1BB-F75D-4A98-B711-E7221CE242A5}.Release|MacOS.Build.0 = Release|MacOS
		{1743E1BB-F75D-4A98-B711-E7221CE242A5}.Release|Windows32.ActiveCfg = Release|Windows32
		{1743E1BB-F75D-4A98-B711-E7221CE242A5}.Release|Windows32.Build.0 = Release|Windows32
		{1743E1BB-F75D-4A98-B711-E7221CE242A5}.Release|Windows64.ActiveCfg = Release|Windows64
		{1743E1BB-F75D-4A98-B711-E7221CE242A5}.Release|Windows64.Build.0 = Release|Windows64
		{44DEAFC2-5B80-4CDD-AA5E-E808EF43D55F}.Debug|Linux.ActiveCfg = Debug|Linux
		{44DEAFC2-5B80-4CDD-AA5E-E808EF43D55F}.Debug|Linux.Build.0 = Debug|Linux
		{44DEAFC2-5B80-4CDD-AA5E-E808EF43D55F}.Debug|MacOS.ActiveCfg = Debug|MacOS
		{44DEAFC2-5B80-4CDD-AA5E-E808EF43D55F}.Debug|MacOS.Build.0 = Debug|MacOS
		{44DEAFC2-5B80-4CDD-AA5E-E808EF43D55F}.Debug|Windows32.ActiveCfg = Debug|Windows32
		{44DEAFC2-5B80-4CDD-AA5E-E808EF43D55F}.Debug|Windows32.Build.0 = Debug|Windows32
		{44DEAFC2-5B80-4CDD-AA5E-E808EF43D55F}.Debug|Windows64.ActiveCfg = Debug|Windows64
		{44DEAFC2-5B80-4CDD-AA5E-E808EF43D55F}.Debug|Windows64.Build.0 = Debug|Windows64
		{44DEAFC2-5B80-4CDD-AA5E-E808EF43D55F}.Release|Linux.ActiveCfg = Release|Linux
		{44DEAFC2-5B80-4CDD-AA5E-E808EF43D55F}.Release|Linux.Build.0 = Release|Linux
		{44DEAFC2-5B80-4CDD-AA5E-E808EF43D55F}.Release|MacOS.ActiveCfg = Release|MacOS
		{44DEAFC2-5B80-4CDD-AA5E-E808EF43D55F}.Release|MacOS.Build.0 = Release|MacOS
		{44DEAFC2-5B80-4CDD-AA5E-E808EF43D55F}.Release|Windows32.ActiveCfg = Release|Windows32
		{44DEAFC2-5B80-4CDD-AA5E-E808EF43D55F}.Release|Windows32.Build.0 = Release|Windows32
		{44DEAFC2-5B80-4CDD-AA5E-E808EF43D55F}.Release|Windows64.ActiveCfg = Release|Windows64
		{44DEAFC2-5B80-4CDD-AA5E-E808EF43D55F}.Release|Windows64.Build.0 = Release|Windows64
		{AD47278B-A1B0-461A-B4F1-20CF96B61C7A}.Debug|Linux.ActiveCfg = Debug|Linux
		{AD47278B-A1B0-461A-B4F1-20CF96B61C7A}.Debug|Linux.Build.0 = Debug|Linux
		{AD47278B-A1B0-461A-B4F1-20CF96B61C7A}.Debug|MacOS.ActiveCfg = Debug|MacOS
		{AD47278B-A1B0-461A-B4F1-20CF96B61C7A}.Debug|MacOS.Build.0 = Debug|MacOS
		{AD47278B-A1B0-461A-B4F1-20CF96B61C7A}.Debug|Windows32.ActiveCfg = Debug|Windows32
		{AD47278B-A1B0-461A-B4F1-20CF96B61C7A}.Debug|Windows32.Build.0 = Debug|Windows32
		{AD47278B-A1B0-461A-B4F1-20CF96B61C7A}.Debug|Windows64.ActiveCfg = Debug|Windows64
		{AD47278B-A1B0-461A-B4F1-20CF96B61C7A}.Debug|Windows64.Build.0 = Debug|Windows64
		{AD47278B-A1B0-461A-B4F1-20CF96B61C7A}.Release|Linux.ActiveCfg = Release|Linux
		{AD47278B-A1B0-461A-B4F1-20CF96B61C7A}.Release|Linux.Build.0 = Release|Linux
		{AD47278B-A1B0-461A-B4F1-20CF96B61C7A}.Release|MacOS.ActiveCfg = Release|MacOS
		{AD47278B-A1B0-461A-B4F1-20CF96B61C7A}.Release|MacOS.Build.0 = Release|MacOS
		{AD47278B-A1B0-461A-B4F1-20CF96B61C7A}.Release|Windows32.ActiveCfg = Release|Windows32
		{AD47278B-A1B0-461A-B4F1-20CF96B61C7A}.Release|Windows32.Build.0 = Release|Windows32
		{AD47278B-A1B0-461A-B4F1-20CF96B61C7A}.Release|Windows64.ActiveCfg = Release|Windows64
		{AD47278B-A1B0-461A-B4F1-20CF96B61C7A}.Release|Windows64.Build.0 = Release|Windows64
		{B2454D82-44CC-4086-9689-FD7ECF85D26B}.Debug|Linux.ActiveCfg = Debug|Linux
		{B2454D82-44CC-4086-9689-FD7ECF85D26B}.Debug|Linux.Build.0 = Debug|Linux
		{B2454D82-44CC-4086-9689-FD7ECF85D26B}.Debug|MacOS.ActiveCfg = Debug|MacOS
		{B2454D82-44CC-4086-9689-FD7ECF85D26B}.Debug|MacOS.Build.0 = Debug|MacOS
		{B2454D82-44CC-4086-9689-FD7ECF85D26B}.Debug|Windows32.ActiveCfg = Debug|Windows32
		{B2454D82-44CC-4086-9689-FD7ECF85D26B}.Debug|Windows32.Build.0 = Debug|Windows32
		{B2454D82-44CC-4086-9689-FD7ECF85D26B}.Debug|Windows64.ActiveCfg = Debug|Windows64
		{B2454D82-44CC-4086-9689-FD7ECF85D26B}.Debug|Windows64.Build.0 = Debug|Windows64
		{B2454D82-44CC-4086-9689-FD7ECF85D26B}.Release|Linux.ActiveCfg = Release|Linux
		{B2454D82-44CC-4086-9689-FD7ECF85D26B}.Release|Linux.Build.0 = Release|Linux
		{B2454D82-44CC-4086-9689-FD7ECF85D26B}.Release|MacOS.ActiveCfg = Release|MacOS
		{B2454D82-44CC-4086-9689-FD7ECF85D26B}.Release|MacOS.Build.0 = Release|MacOS
		{B2454D82-44CC-4086-9689-FD7ECF85D26B}.Release|Windows32.ActiveCfg = Release|Windows32
		{B2454D82-44CC-4086-9689-FD7ECF85D26B}.Release|Windows32.Build.0 = Release|Windows32
		{B2454D82-44CC-4086-9689-FD7ECF85D26B}.Release|Windows64.ActiveCfg = Release|Windows64
		{B2454D82-44CC-4086-9689-FD7ECF85D26B}.Release|Windows64.Build.0 = Release|Windows64
		{480627CA-076C-4188-88F4-658724825157}.Debug|Linux.ActiveCfg = Debug|Linux
		{480627CA-076C-4188-88F4-658724825157}.Debug|Linux.Build.0 = Debug|Linux
		{480627CA-076C-4188-88F4-658724825157}.Debug|MacOS.ActiveCfg = Debug|MacOS
		{480627CA-076C-4188-88F4-658724825157}.Debug|MacOS.Build.0 = Debug|MacOS
		{480627CA-076C-4188-88F4-658724825157}.Debug|Windows32.ActiveCfg = Debug|Windows32
		{480627CA-076C-4188-88F4-658724825157}.Debug|Windows32.Build.0 = Debug|Windows32
		{480627CA-076C-4188-88F4-658724825157}.Debug|Windows64.ActiveCfg = Debug|Windows64
		{480627CA-076C-4188-88F4-658724825157}.Debug|Windows64.Build.0 = Debug|Windows64
		{480627CA-076C-4188-88F4-658724825157}.Release|Linux.ActiveCfg = Release|Linux
		{480627CA-076C-4188-88F4-658724825157}.Release|Linux.Build.0 = Release|Linux
		{480627CA-076C-4188-88F4-658724825157}.Release|MacOS.ActiveCfg = Release|MacOS
		{480627CA-076C-4188-88F4-658724825157}.Release|MacOS.Build.0 = Release|MacOS
		{480627CA-076C-4188-88F4-658724825157}.Release|Windows32.ActiveCfg = Release|Windows32
		{480627CA-076C-4188-88F4-658724825157}.Release|Windows32.Build.0 = Release|Windows32
		{480627CA-076C-4188-88F4-658724825157}.Release|Windows64.ActiveCfg = Release|Windows64
		{480627CA-076C-4188-88F4-658724825157}.Release|Windows64.Build.0 = Release|Windows64
	EndGlobalSection
	GlobalSection(SolutionProperties) = preSolution
		HideSolutionNode = FALSE
	EndGlobalSection
	GlobalSection(NestedProjects) = preSolution
		{F1686765-D326-4671-ACA1-DE384A2972C1} = {B37633E9-4774-423E-91B6-73A8AF2487EA}
		{7FB98BC5-5A8F-41DA-9910-BB87F370DA66} = {B37633E9-4774-423E-91B6-73A8AF2487EA}
		{984E654C-44DE-4A73-9FC6-914B4C968A21} = {B37633E9-4774-423E-91B6-73A8AF2487EA}
		{24C93587-F297-4FED-978B-017E81FF2657} = {B37633E9-4774-423E-91B6-73A8AF2487EA}
		{17D451D4-B445-4F61-ADFE-963F42D702B0} = {3D4F5D0E-7908-410D-BE1C-7054E067548B}
		{1F5A9F96-65BF-47EB-96D1-A95382410F62} = {B37633E9-4774-423E-91B6-73A8AF2487EA}
		{7E086C85-0185-4271-B3D7-4FDBC44084A1} = {3D4F5D0E-7908-410D-BE1C-7054E067548B}
		{E31344C0-D202-4314-86A6-D32F82F66BB0} = {B37633E9-4774-423E-91B6-73A8AF2487EA}
		{1C586989-D629-4EED-A934-B62446B4E7BA} = {3D4F5D0E-7908-410D-BE1C-7054E067548B}
		{3272A21B-C686-4A69-AA96-18B4AE42CA60} = {B37633E9-4774-423E-91B6-73A8AF2487EA}
		{89CEDC64-F7EE-4AE3-9C59-9EA4F9C10CED} = {B37633E9-4774-423E-91B6-73A8AF2487EA}
		{9C62325D-2D13-45C8-ACA5-EC17DE0ED835} = {3D4F5D0E-7908-410D-BE1C-7054E067548B}
		{FB1D9033-47B4-4E65-B31F-C45068089AD0} = {49BB6742-1825-4546-8087-AFFFCA9C6F42}
		{693A506A-559B-4DA6-B460-852ECBB8BD9A} = {3D4F5D0E-7908-410D-BE1C-7054E067548B}
		{EC8DCA01-51C6-4057-B83F-233BCD3C287D} = {3D4F5D0E-7908-410D-BE1C-7054E067548B}
		{76CF0233-8942-4A49-AF32-F7E0552E6EB7} = {3D4F5D0E-7908-410D-BE1C-7054E067548B}
		{A2BDA9E7-C67B-4B7A-BBB9-94A477B6F229} = {B37633E9-4774-423E-91B6-73A8AF2487EA}
		{E0D59531-D67C-402F-83A8-7292B6F911A3} = {B37633E9-4774-423E-91B6-73A8AF2487EA}
		{BE90A6A7-A7EA-4BD2-A50D-6B04BCFFE0A6} = {3D4F5D0E-7908-410D-BE1C-7054E067548B}
		{1743E1BB-F75D-4A98-B711-E7221CE242A5} = {B37633E9-4774-423E-91B6-73A8AF2487EA}
		{44DEAFC2-5B80-4CDD-AA5E-E808EF43D55F} = {3D4F5D0E-7908-410D-BE1C-7054E067548B}
		{AD47278B-A1B0-461A-B4F1-20CF96B61C7A} = {B37633E9-4774-423E-91B6-73A8AF2487EA}
		{B2454D82-44CC-4086-9689-FD7ECF85D26B} = {3D4F5D0E-7908-410D-BE1C-7054E067548B}
		{480627CA-076C-4188-88F4-658724825157} = {3D4F5D0E-7908-410D-BE1C-7054E067548B}
	EndGlobalSection
EndGlobal
